
Microsoft Visual Studio Solution File, Format Version 12.00
# Visual Studio Version 17
VisualStudioVersion = 17.14.36414.22 d17.14
MinimumVisualStudioVersion = 10.0.40219.1
Project("{FAE04EC0-301F-11D3-BF4B-00C04F79EFBC}") = "laboratorio55", "laboratorio55\laboratorio55.csproj", "{490F5EE9-1FC8-4A25-B798-0F58FC52D374}"
EndProject
Global
	GlobalSection(SolutionConfigurationPlatforms) = preSolution
		Debug|Any CPU = Debug|Any CPU
		Release|Any CPU = Release|Any CPU
	EndGlobalSection
	GlobalSection(ProjectConfigurationPlatforms) = postSolution
		{490F5EE9-1FC8-4A25-B798-0F58FC52D374}.Debug|Any CPU.ActiveCfg = Debug|Any CPU
		{490F5EE9-1FC8-4A25-B798-0F58FC52D374}.Debug|Any CPU.Build.0 = Debug|Any CPU
		{490F5EE9-1FC8-4A25-B798-0F58FC52D374}.Release|Any CPU.ActiveCfg = Release|Any CPU
		{490F5EE9-1FC8-4A25-B798-0F58FC52D374}.Release|Any CPU.Build.0 = Release|Any CPU
	EndGlobalSection
	GlobalSection(SolutionProperties) = preSolution
		HideSolutionNode = FALSE
	EndGlobalSection
	GlobalSection(ExtensibilityGlobals) = postSolution
		SolutionGuid = {381BC8EB-864C-4B14-B700-C759E86E0476}
	EndGlobalSection
EndGlobal
