
Microsoft Visual Studio Solution File, Format Version 12.00
# Visual Studio Version 17
VisualStudioVersion = 17.14.36414.22 d17.14
MinimumVisualStudioVersion = 10.0.40219.1
Project("{FAE04EC0-301F-11D3-BF4B-00C04F79EFBC}") = "Laboratorio 1", "Laboratorio 1\Laboratorio 1.csproj", "{06FFFE8F-033E-4162-8D7E-D78113F648DC}"
EndProject
Global
	GlobalSection(SolutionConfigurationPlatforms) = preSolution
		Debug|Any CPU = Debug|Any CPU
		Release|Any CPU = Release|Any CPU
	EndGlobalSection
	GlobalSection(ProjectConfigurationPlatforms) = postSolution
		{06FFFE8F-033E-4162-8D7E-D78113F648DC}.Debug|Any CPU.ActiveCfg = Debug|Any CPU
		{06FFFE8F-033E-4162-8D7E-D78113F648DC}.Debug|Any CPU.Build.0 = Debug|Any CPU
		{06FFFE8F-033E-4162-8D7E-D78113F648DC}.Release|Any CPU.ActiveCfg = Release|Any CPU
		{06FFFE8F-033E-4162-8D7E-D78113F648DC}.Release|Any CPU.Build.0 = Release|Any CPU
	EndGlobalSection
	GlobalSection(SolutionProperties) = preSolution
		HideSolutionNode = FALSE
	EndGlobalSection
	GlobalSection(ExtensibilityGlobals) = postSolution
		SolutionGuid = {67358A7D-E565-42C1-BF6A-E58A003335FE}
	EndGlobalSection
EndGlobal
