
Microsoft Visual Studio Solution File, Format Version 12.00
# Visual Studio Version 17
VisualStudioVersion = 17.14.36414.22 d17.14
MinimumVisualStudioVersion = 10.0.40219.1
Project("{FAE04EC0-301F-11D3-BF4B-00C04F79EFBC}") = "laboratorio61", "laboratorio61\laboratorio61.csproj", "{12F20540-BDCE-40D6-92E8-8ED16A64DFA3}"
EndProject
Global
	GlobalSection(SolutionConfigurationPlatforms) = preSolution
		Debug|Any CPU = Debug|Any CPU
		Release|Any CPU = Release|Any CPU
	EndGlobalSection
	GlobalSection(ProjectConfigurationPlatforms) = postSolution
		{12F20540-BDCE-40D6-92E8-8ED16A64DFA3}.Debug|Any CPU.ActiveCfg = Debug|Any CPU
		{12F20540-BDCE-40D6-92E8-8ED16A64DFA3}.Debug|Any CPU.Build.0 = Debug|Any CPU
		{12F20540-BDCE-40D6-92E8-8ED16A64DFA3}.Release|Any CPU.ActiveCfg = Release|Any CPU
		{12F20540-BDCE-40D6-92E8-8ED16A64DFA3}.Release|Any CPU.Build.0 = Release|Any CPU
	EndGlobalSection
	GlobalSection(SolutionProperties) = preSolution
		HideSolutionNode = FALSE
	EndGlobalSection
	GlobalSection(ExtensibilityGlobals) = postSolution
		SolutionGuid = {40A6582B-44DA-496E-A459-448749BE2A25}
	EndGlobalSection
EndGlobal
