
Microsoft Visual Studio Solution File, Format Version 12.00
# Visual Studio Version 17
VisualStudioVersion = 17.14.36414.22 d17.14
MinimumVisualStudioVersion = 10.0.40219.1
Project("{FAE04EC0-301F-11D3-BF4B-00C04F79EFBC}") = "Laboratorio5", "Laboratorio5\Laboratorio5.csproj", "{2A4BA69E-5E5C-455D-8544-1E91C7D09599}"
EndProject
Global
	GlobalSection(SolutionConfigurationPlatforms) = preSolution
		Debug|Any CPU = Debug|Any CPU
		Release|Any CPU = Release|Any CPU
	EndGlobalSection
	GlobalSection(ProjectConfigurationPlatforms) = postSolution
		{2A4BA69E-5E5C-455D-8544-1E91C7D09599}.Debug|Any CPU.ActiveCfg = Debug|Any CPU
		{2A4BA69E-5E5C-455D-8544-1E91C7D09599}.Debug|Any CPU.Build.0 = Debug|Any CPU
		{2A4BA69E-5E5C-455D-8544-1E91C7D09599}.Release|Any CPU.ActiveCfg = Release|Any CPU
		{2A4BA69E-5E5C-455D-8544-1E91C7D09599}.Release|Any CPU.Build.0 = Release|Any CPU
	EndGlobalSection
	GlobalSection(SolutionProperties) = preSolution
		HideSolutionNode = FALSE
	EndGlobalSection
	GlobalSection(ExtensibilityGlobals) = postSolution
		SolutionGuid = {BED384C1-4905-433D-8CD0-38C7313CE310}
	EndGlobalSection
EndGlobal
