
Microsoft Visual Studio Solution File, Format Version 12.00
# Visual Studio Version 17
VisualStudioVersion = 17.14.36414.22 d17.14
MinimumVisualStudioVersion = 10.0.40219.1
Project("{FAE04EC0-301F-11D3-BF4B-00C04F79EFBC}") = "laboratorio4", "laboratorio4\laboratorio4.csproj", "{447E4F69-8B62-4FA7-AC03-240A66B13E6C}"
EndProject
Project("{FAE04EC0-301F-11D3-BF4B-00C04F79EFBC}") = "laboratorio41", "laboratorio41\laboratorio41.csproj", "{7F89AC37-0A6C-4325-90BA-D1959A0D2DE4}"
EndProject
Project("{FAE04EC0-301F-11D3-BF4B-00C04F79EFBC}") = "laboratorio42", "laboratorio42\laboratorio42.csproj", "{AAB8E77C-B3B3-4F69-82C6-5697FE09C263}"
EndProject
Global
	GlobalSection(SolutionConfigurationPlatforms) = preSolution
		Debug|Any CPU = Debug|Any CPU
		Release|Any CPU = Release|Any CPU
	EndGlobalSection
	GlobalSection(ProjectConfigurationPlatforms) = postSolution
		{447E4F69-8B62-4FA7-AC03-240A66B13E6C}.Debug|Any CPU.ActiveCfg = Debug|Any CPU
		{447E4F69-8B62-4FA7-AC03-240A66B13E6C}.Debug|Any CPU.Build.0 = Debug|Any CPU
		{447E4F69-8B62-4FA7-AC03-240A66B13E6C}.Release|Any CPU.ActiveCfg = Release|Any CPU
		{447E4F69-8B62-4FA7-AC03-240A66B13E6C}.Release|Any CPU.Build.0 = Release|Any CPU
		{7F89AC37-0A6C-4325-90BA-D1959A0D2DE4}.Debug|Any CPU.ActiveCfg = Debug|Any CPU
		{7F89AC37-0A6C-4325-90BA-D1959A0D2DE4}.Debug|Any CPU.Build.0 = Debug|Any CPU
		{7F89AC37-0A6C-4325-90BA-D1959A0D2DE4}.Release|Any CPU.ActiveCfg = Release|Any CPU
		{7F89AC37-0A6C-4325-90BA-D1959A0D2DE4}.Release|Any CPU.Build.0 = Release|Any CPU
		{AAB8E77C-B3B3-4F69-82C6-5697FE09C263}.Debug|Any CPU.ActiveCfg = Debug|Any CPU
		{AAB8E77C-B3B3-4F69-82C6-5697FE09C263}.Debug|Any CPU.Build.0 = Debug|Any CPU
		{AAB8E77C-B3B3-4F69-82C6-5697FE09C263}.Release|Any CPU.ActiveCfg = Release|Any CPU
		{AAB8E77C-B3B3-4F69-82C6-5697FE09C263}.Release|Any CPU.Build.0 = Release|Any CPU
	EndGlobalSection
	GlobalSection(SolutionProperties) = preSolution
		HideSolutionNode = FALSE
	EndGlobalSection
	GlobalSection(ExtensibilityGlobals) = postSolution
		SolutionGuid = {AE6BC41C-96D9-494E-867F-710EB4F2E1DD}
	EndGlobalSection
EndGlobal
