
Microsoft Visual Studio Solution File, Format Version 12.00
# Visual Studio Version 17
VisualStudioVersion = 17.14.36414.22 d17.14
MinimumVisualStudioVersion = 10.0.40219.1
Project("{FAE04EC0-301F-11D3-BF4B-00C04F79EFBC}") = "laboratorio14", "laboratorio14\laboratorio14.csproj", "{D7042A38-579F-4C39-9E9B-C93554E15F1C}"
EndProject
Global
	GlobalSection(SolutionConfigurationPlatforms) = preSolution
		Debug|Any CPU = Debug|Any CPU
		Release|Any CPU = Release|Any CPU
	EndGlobalSection
	GlobalSection(ProjectConfigurationPlatforms) = postSolution
		{D7042A38-579F-4C39-9E9B-C93554E15F1C}.Debug|Any CPU.ActiveCfg = Debug|Any CPU
		{D7042A38-579F-4C39-9E9B-C93554E15F1C}.Debug|Any CPU.Build.0 = Debug|Any CPU
		{D7042A38-579F-4C39-9E9B-C93554E15F1C}.Release|Any CPU.ActiveCfg = Release|Any CPU
		{D7042A38-579F-4C39-9E9B-C93554E15F1C}.Release|Any CPU.Build.0 = Release|Any CPU
	EndGlobalSection
	GlobalSection(SolutionProperties) = preSolution
		HideSolutionNode = FALSE
	EndGlobalSection
	GlobalSection(ExtensibilityGlobals) = postSolution
		SolutionGuid = {D68DEB47-D0CC-41D8-A404-12DFF5261020}
	EndGlobalSection
EndGlobal
